github.com/CaiJimmy/hugo-theme-stack v2.6.0+incompatible h1:HOf88geWucQwmTmNCFgHNidVTXjv9jLz3UA72gyFQTE=
github.com/CaiJimmy/hugo-theme-stack v2.6.0+incompatible/go.mod h1:Tacngkxf7u2kfufDzxoX7yqktykqc/Vi1LwJOHGE6Nw=
github.com/planet-lodder/shortcodes-hugo v0.0.0-20231130112716-bbf7b01550d2 h1:TLjzj66Vi3607PKosdW4BrizEs5FcmVAx4QBusBeZ90=
github.com/planet-lodder/shortcodes-hugo v0.0.0-20231130112716-bbf7b01550d2/go.mod h1:6Ki1+tUH/qdLhoM/LBdYZTjrOW2AG9RsLH0R7Bwb+2A=
